
Microsoft Visual Studio Solution File, Format Version 12.00
# Visual Studio Version 16
VisualStudioVersion = 16.0.30523.141
MinimumVisualStudioVersion = 10.0.40219.1
Project("{FAE04EC0-301F-11D3-BF4B-00C04F79EFBC}") = "SportsStore", "SportsStore\SportsStore.csproj", "{E5C00807-7D3A-4781-8E8A-386F80758C06}"
EndProject
Project("{FAE04EC0-301F-11D3-BF4B-00C04F79EFBC}") = "SportsStore.Tests", "SportsStore.Tests\SportsStore.Tests.csproj", "{A21A154C-B00B-4602-A367-33E296C22513}"
EndProject
Global
	GlobalSection(SolutionConfigurationPlatforms) = preSolution
		Debug|Any CPU = Debug|Any CPU
		Release|Any CPU = Release|Any CPU
	EndGlobalSection
	GlobalSection(ProjectConfigurationPlatforms) = postSolution
		{E5C00807-7D3A-4781-8E8A-386F80758C06}.Debug|Any CPU.ActiveCfg = Debug|Any CPU
		{E5C00807-7D3A-4781-8E8A-386F80758C06}.Debug|Any CPU.Build.0 = Debug|Any CPU
		{E5C00807-7D3A-4781-8E8A-386F80758C06}.Release|Any CPU.ActiveCfg = Release|Any CPU
		{E5C00807-7D3A-4781-8E8A-386F80758C06}.Release|Any CPU.Build.0 = Release|Any CPU
		{A21A154C-B00B-4602-A367-33E296C22513}.Debug|Any CPU.ActiveCfg = Debug|Any CPU
		{A21A154C-B00B-4602-A367-33E296C22513}.Debug|Any CPU.Build.0 = Debug|Any CPU
		{A21A154C-B00B-4602-A367-33E296C22513}.Release|Any CPU.ActiveCfg = Release|Any CPU
		{A21A154C-B00B-4602-A367-33E296C22513}.Release|Any CPU.Build.0 = Release|Any CPU
	EndGlobalSection
	GlobalSection(SolutionProperties) = preSolution
		HideSolutionNode = FALSE
	EndGlobalSection
	GlobalSection(ExtensibilityGlobals) = postSolution
		SolutionGuid = {1FD9C031-64DE-458C-84C6-A05A219FE351}
	EndGlobalSection
EndGlobal
